
Microsoft Visual Studio Solution File, Format Version 12.00
# Visual Studio Version 17
VisualStudioVersion = 17.3.32922.545
MinimumVisualStudioVersion = 10.0.40219.1
Project("{FAE04EC0-301F-11D3-BF4B-00C04F79EFBC}") = "For Dina", "For Dina\For Dina.csproj", "{27303BD0-FD03-41E5-8564-602A61B6C269}"
EndProject
Project("{FAE04EC0-301F-11D3-BF4B-00C04F79EFBC}") = "Tumakov", "Tumakov\Tumakov.csproj", "{BD614C42-F73A-49D8-8E92-54FFA76BB232}"
EndProject
Global
	GlobalSection(SolutionConfigurationPlatforms) = preSolution
		Debug|Any CPU = Debug|Any CPU
		Release|Any CPU = Release|Any CPU
	EndGlobalSection
	GlobalSection(ProjectConfigurationPlatforms) = postSolution
		{27303BD0-FD03-41E5-8564-602A61B6C269}.Debug|Any CPU.ActiveCfg = Debug|Any CPU
		{27303BD0-FD03-41E5-8564-602A61B6C269}.Debug|Any CPU.Build.0 = Debug|Any CPU
		{27303BD0-FD03-41E5-8564-602A61B6C269}.Release|Any CPU.ActiveCfg = Release|Any CPU
		{27303BD0-FD03-41E5-8564-602A61B6C269}.Release|Any CPU.Build.0 = Release|Any CPU
		{BD614C42-F73A-49D8-8E92-54FFA76BB232}.Debug|Any CPU.ActiveCfg = Debug|Any CPU
		{BD614C42-F73A-49D8-8E92-54FFA76BB232}.Debug|Any CPU.Build.0 = Debug|Any CPU
		{BD614C42-F73A-49D8-8E92-54FFA76BB232}.Release|Any CPU.ActiveCfg = Release|Any CPU
		{BD614C42-F73A-49D8-8E92-54FFA76BB232}.Release|Any CPU.Build.0 = Release|Any CPU
	EndGlobalSection
	GlobalSection(SolutionProperties) = preSolution
		HideSolutionNode = FALSE
	EndGlobalSection
	GlobalSection(ExtensibilityGlobals) = postSolution
		SolutionGuid = {242D9654-FDBA-4CBA-BD3B-91B06787898B}
	EndGlobalSection
EndGlobal
